
Microsoft Visual Studio Solution File, Format Version 12.00
# Visual Studio 15
VisualStudioVersion = 15.0.28307.168
MinimumVisualStudioVersion = 10.0.40219.1
Project("{FAE04EC0-301F-11D3-BF4B-00C04F79EFBC}") = "RiotAPI", "RiotAPI\RiotAPI.csproj", "{F7CCC525-1C06-4A21-A11E-CC16566D86B9}"
EndProject
Global
	GlobalSection(SolutionConfigurationPlatforms) = preSolution
		Debug|Any CPU = Debug|Any CPU
		Release|Any CPU = Release|Any CPU
	EndGlobalSection
	GlobalSection(ProjectConfigurationPlatforms) = postSolution
		{F7CCC525-1C06-4A21-A11E-CC16566D86B9}.Debug|Any CPU.ActiveCfg = Debug|Any CPU
		{F7CCC525-1C06-4A21-A11E-CC16566D86B9}.Debug|Any CPU.Build.0 = Debug|Any CPU
		{F7CCC525-1C06-4A21-A11E-CC16566D86B9}.Release|Any CPU.ActiveCfg = Release|Any CPU
		{F7CCC525-1C06-4A21-A11E-CC16566D86B9}.Release|Any CPU.Build.0 = Release|Any CPU
	EndGlobalSection
	GlobalSection(SolutionProperties) = preSolution
		HideSolutionNode = FALSE
	EndGlobalSection
	GlobalSection(ExtensibilityGlobals) = postSolution
		SolutionGuid = {E0F6A875-8E3E-4357-B76B-DF34E7406613}
	EndGlobalSection
EndGlobal
